
Microsoft Visual Studio Solution File, Format Version 12.00
# Visual Studio Version 17
VisualStudioVersion = 17.11.35303.130
MinimumVisualStudioVersion = 10.0.40219.1
Project("{9A19103F-16F7-4668-BE54-9A1E7A4F7556}") = "C#-Project-Template.API", "C#-Project-Template.API\C#-Project-Template.API.csproj", "{261C34AF-503B-4C20-AF9A-531FF96AC854}"
EndProject
Project("{9A19103F-16F7-4668-BE54-9A1E7A4F7556}") = "C#-Project-Template.Data", "C#-Project-Template.Data\C#-Project-Template.Data.csproj", "{B3756AE4-A8D2-4057-B905-EA993AE30038}"
EndProject
Project("{9A19103F-16F7-4668-BE54-9A1E7A4F7556}") = "C#-Project-Template.DTO", "C#-Project-Template.DTO\C#-Project-Template.DTO.csproj", "{C6D1ECAA-528C-45EA-A542-210A0999D74F}"
EndProject
Project("{9A19103F-16F7-4668-BE54-9A1E7A4F7556}") = "C#-Project-Template.Service", "C#-Project-Template.Service\C#-Project-Template.Service.csproj", "{84CDAB24-1055-4EF2-B248-A6E9F9FB1142}"
EndProject
Project("{9A19103F-16F7-4668-BE54-9A1E7A4F7556}") = "C#-Project-Template.Repository", "C#-Project-Template.Repository\C#-Project-Template.Repository.csproj", "{D0639D1B-B1F0-4C18-90D7-DBA8DF15D32A}"
EndProject
Project("{9A19103F-16F7-4668-BE54-9A1E7A4F7556}") = "C#-Project-Template.Core", "C#-Project-Template.Core\C#-Project-Template.Core.csproj", "{C2571162-DB43-4F2C-8F52-D8A1D487A4F4}"
EndProject
Project("{9A19103F-16F7-4668-BE54-9A1E7A4F7556}") = "C#-Project-Template.Mapper", "C#-Project-Template.Mapper\C#-Project-Template.Mapper.csproj", "{51DE4B25-C3F8-430C-815B-0B9567153DDB}"
EndProject
Project("{FAE04EC0-301F-11D3-BF4B-00C04F79EFBC}") = "C#-Project-Template.GraphQL", "C#-Project-Template.GraphQL\C#-Project-Template.GraphQL.csproj", "{F6A1B1DA-D7E6-40E5-8EE9-A785D95D4933}"
EndProject
Global
	GlobalSection(SolutionConfigurationPlatforms) = preSolution
		Debug|Any CPU = Debug|Any CPU
		Release|Any CPU = Release|Any CPU
	EndGlobalSection
	GlobalSection(ProjectConfigurationPlatforms) = postSolution
		{261C34AF-503B-4C20-AF9A-531FF96AC854}.Debug|Any CPU.ActiveCfg = Debug|Any CPU
		{261C34AF-503B-4C20-AF9A-531FF96AC854}.Debug|Any CPU.Build.0 = Debug|Any CPU
		{261C34AF-503B-4C20-AF9A-531FF96AC854}.Release|Any CPU.ActiveCfg = Release|Any CPU
		{261C34AF-503B-4C20-AF9A-531FF96AC854}.Release|Any CPU.Build.0 = Release|Any CPU
		{B3756AE4-A8D2-4057-B905-EA993AE30038}.Debug|Any CPU.ActiveCfg = Debug|Any CPU
		{B3756AE4-A8D2-4057-B905-EA993AE30038}.Debug|Any CPU.Build.0 = Debug|Any CPU
		{B3756AE4-A8D2-4057-B905-EA993AE30038}.Release|Any CPU.ActiveCfg = Release|Any CPU
		{B3756AE4-A8D2-4057-B905-EA993AE30038}.Release|Any CPU.Build.0 = Release|Any CPU
		{C6D1ECAA-528C-45EA-A542-210A0999D74F}.Debug|Any CPU.ActiveCfg = Debug|Any CPU
		{C6D1ECAA-528C-45EA-A542-210A0999D74F}.Debug|Any CPU.Build.0 = Debug|Any CPU
		{C6D1ECAA-528C-45EA-A542-210A0999D74F}.Release|Any CPU.ActiveCfg = Release|Any CPU
		{C6D1ECAA-528C-45EA-A542-210A0999D74F}.Release|Any CPU.Build.0 = Release|Any CPU
		{84CDAB24-1055-4EF2-B248-A6E9F9FB1142}.Debug|Any CPU.ActiveCfg = Debug|Any CPU
		{84CDAB24-1055-4EF2-B248-A6E9F9FB1142}.Debug|Any CPU.Build.0 = Debug|Any CPU
		{84CDAB24-1055-4EF2-B248-A6E9F9FB1142}.Release|Any CPU.ActiveCfg = Release|Any CPU
		{84CDAB24-1055-4EF2-B248-A6E9F9FB1142}.Release|Any CPU.Build.0 = Release|Any CPU
		{D0639D1B-B1F0-4C18-90D7-DBA8DF15D32A}.Debug|Any CPU.ActiveCfg = Debug|Any CPU
		{D0639D1B-B1F0-4C18-90D7-DBA8DF15D32A}.Debug|Any CPU.Build.0 = Debug|Any CPU
		{D0639D1B-B1F0-4C18-90D7-DBA8DF15D32A}.Release|Any CPU.ActiveCfg = Release|Any CPU
		{D0639D1B-B1F0-4C18-90D7-DBA8DF15D32A}.Release|Any CPU.Build.0 = Release|Any CPU
		{C2571162-DB43-4F2C-8F52-D8A1D487A4F4}.Debug|Any CPU.ActiveCfg = Debug|Any CPU
		{C2571162-DB43-4F2C-8F52-D8A1D487A4F4}.Debug|Any CPU.Build.0 = Debug|Any CPU
		{C2571162-DB43-4F2C-8F52-D8A1D487A4F4}.Release|Any CPU.ActiveCfg = Release|Any CPU
		{C2571162-DB43-4F2C-8F52-D8A1D487A4F4}.Release|Any CPU.Build.0 = Release|Any CPU
		{51DE4B25-C3F8-430C-815B-0B9567153DDB}.Debug|Any CPU.ActiveCfg = Debug|Any CPU
		{51DE4B25-C3F8-430C-815B-0B9567153DDB}.Debug|Any CPU.Build.0 = Debug|Any CPU
		{51DE4B25-C3F8-430C-815B-0B9567153DDB}.Release|Any CPU.ActiveCfg = Release|Any CPU
		{51DE4B25-C3F8-430C-815B-0B9567153DDB}.Release|Any CPU.Build.0 = Release|Any CPU
		{F6A1B1DA-D7E6-40E5-8EE9-A785D95D4933}.Debug|Any CPU.ActiveCfg = Debug|Any CPU
		{F6A1B1DA-D7E6-40E5-8EE9-A785D95D4933}.Debug|Any CPU.Build.0 = Debug|Any CPU
		{F6A1B1DA-D7E6-40E5-8EE9-A785D95D4933}.Release|Any CPU.ActiveCfg = Release|Any CPU
		{F6A1B1DA-D7E6-40E5-8EE9-A785D95D4933}.Release|Any CPU.Build.0 = Release|Any CPU
	EndGlobalSection
	GlobalSection(SolutionProperties) = preSolution
		HideSolutionNode = FALSE
	EndGlobalSection
	GlobalSection(ExtensibilityGlobals) = postSolution
		SolutionGuid = {7E104921-FD45-46FC-B9E8-547A31C049DA}
	EndGlobalSection
EndGlobal
